// !$*UTF8*$!
{
	archiveVersion = 1;
	classes = {
	};
	objectVersion = 77;
	objects = {

/* Begin PBXBuildFile section */
		BC310C622FA935170072A3E9 /* FirebaseAuth in Frameworks */ = {isa = PBXBuildFile; productRef = BC310C612FA935170072A3E9 /* FirebaseAuth */; };
		BC310C642FA935170072A3E9 /* FirebaseFirestore in Frameworks */ = {isa = PBXBuildFile; productRef = BC310C632FA935170072A3E9 /* FirebaseFirestore */; };
		BC310C662FA935170072A3E9 /* FirebaseStorage in Frameworks */ = {isa = PBXBuildFile; productRef = BC310C652FA935170072A3E9 /* FirebaseStorage */; };
		87F9224632293C8D9E6DD9F1 /* HolidayService.swift in Sources */ = {isa = PBXBuildFile; fileRef = A9CE8ABC4DDB652CA7FDB839 /* HolidayService.swift */; };
		016C255ABD52CCEFEC368A23 /* LunchPhaseCalculator.swift in Sources */ = {isa = PBXBuildFile; fileRef = D3DE115DCCCD0223AB8A0055 /* LunchPhaseCalculator.swift */; };
		C2ECA8013C8BEB6CCDA45333 /* AppGroupConstants.swift in Sources */ = {isa = PBXBuildFile; fileRef = 706A1619746A36E4A9BACECC /* AppGroupConstants.swift */; };
		78FBD2F0BCF0FD46489E53CF /* SharedAttendanceCache.swift in Sources */ = {isa = PBXBuildFile; fileRef = 4E648FEA56B3CB72B91EDCA7 /* SharedAttendanceCache.swift */; };
		7E77EB1E34587385C7691009 /* SharedKeychain.swift in Sources */ = {isa = PBXBuildFile; fileRef = FAE2C64F4223F63670CE57AD /* SharedKeychain.swift */; };
		8721EA189935AABAA05235EA /* HasenwachtWidgetBundle.swift in Sources */ = {isa = PBXBuildFile; fileRef = D11C66807BB356D9FCF42093 /* HasenwachtWidgetBundle.swift */; };
		AE73FB063EA5321C041CAD45 /* AttendanceEntry.swift in Sources */ = {isa = PBXBuildFile; fileRef = 366FF756D105DA3BCC9DFEC4 /* AttendanceEntry.swift */; };
		50D4AA60A02C17209DA79B11 /* AttendanceTimelineProvider.swift in Sources */ = {isa = PBXBuildFile; fileRef = BFCA9B140C8B1B0ECA4D1E8A /* AttendanceTimelineProvider.swift */; };
		D310CAB15233994062D5A0B1 /* AttendanceWidget.swift in Sources */ = {isa = PBXBuildFile; fileRef = 534B3C17063665A1F6B3C0E2 /* AttendanceWidget.swift */; };
		1DFA40FAFB5A0A5C4F1DC7CF /* AttendanceWidgetView.swift in Sources */ = {isa = PBXBuildFile; fileRef = C5364FD5EE9ECD874812EBE8 /* AttendanceWidgetView.swift */; };
		4C9CAC2838ECAAEDF6314AA9 /* ToggleAttendanceIntent.swift in Sources */ = {isa = PBXBuildFile; fileRef = 534E8AFC8D95192E9F665226 /* ToggleAttendanceIntent.swift */; };
		AA15A0F616D6B1DB14BB9BF6 /* WidgetDS.swift in Sources */ = {isa = PBXBuildFile; fileRef = 3EF36AA7717FA8799959E0DB /* WidgetDS.swift */; };
		E01CA9139D399ED3CDFBEFA5 /* FirestoreRESTClient.swift in Sources */ = {isa = PBXBuildFile; fileRef = EF7C3E1A356C48BD668945BB /* FirestoreRESTClient.swift */; };
		EF9D55EB1AF2F5C4AB4DF197 /* FirebaseTokenRefresher.swift in Sources */ = {isa = PBXBuildFile; fileRef = 564C7D0E44E5983B8E47F653 /* FirebaseTokenRefresher.swift */; };
		F855D7C1E00A8BC452CD79E6 /* FirebaseConfig.swift in Sources */ = {isa = PBXBuildFile; fileRef = 0A6147FC07127728B28D93C0 /* FirebaseConfig.swift */; };
		A4B956B2EF7D800E5CB761F7 /* WidgetKit.framework in Frameworks */ = {isa = PBXBuildFile; fileRef = 7FB724780FDFEB6DF13ECAA9 /* WidgetKit.framework */; };
		A115BBDD8EC88D0543426EA4 /* SwiftUI.framework in Frameworks */ = {isa = PBXBuildFile; fileRef = BFD8BA7801D1DE5EDA58D6AF /* SwiftUI.framework */; };
		0F3CD8193B7D2B804701E10B /* GoogleService-Info.plist in Resources */ = {isa = PBXBuildFile; fileRef = 7469E06042C974E1A4112FDB /* GoogleService-Info.plist */; };
		C48DE33F48DDE0E0A6AB12AF /* HasenwachtWidgetExtension.appex in Embed Foundation Extensions */ = {isa = PBXBuildFile; fileRef = 5CE4E5C7016F7995D6482192 /* HasenwachtWidgetExtension.appex */; settings = {ATTRIBUTES = (RemoveHeadersOnCopy, ); }; };
/* End PBXBuildFile section */

/* Begin PBXFileReference section */
		BCBE07F92FA915C70004EB6F /* Hasenwacht.app */ = {isa = PBXFileReference; explicitFileType = wrapper.application; includeInIndex = 0; path = Hasenwacht.app; sourceTree = BUILT_PRODUCTS_DIR; };
		5CE4E5C7016F7995D6482192 /* HasenwachtWidgetExtension.appex */ = {isa = PBXFileReference; explicitFileType = "wrapper.app-extension"; includeInIndex = 0; path = HasenwachtWidgetExtension.appex; sourceTree = BUILT_PRODUCTS_DIR; };
		7FB724780FDFEB6DF13ECAA9 /* WidgetKit.framework */ = {isa = PBXFileReference; lastKnownFileType = wrapper.framework; name = WidgetKit.framework; path = System/Library/Frameworks/WidgetKit.framework; sourceTree = SDKROOT; };
		BFD8BA7801D1DE5EDA58D6AF /* SwiftUI.framework */ = {isa = PBXFileReference; lastKnownFileType = wrapper.framework; name = SwiftUI.framework; path = System/Library/Frameworks/SwiftUI.framework; sourceTree = SDKROOT; };
		A9CE8ABC4DDB652CA7FDB839 /* HolidayService.swift */ = {isa = PBXFileReference; lastKnownFileType = sourcecode.swift; path = Hasenwacht/Shared/HolidayService.swift; sourceTree = "<group>"; };
		D3DE115DCCCD0223AB8A0055 /* LunchPhaseCalculator.swift */ = {isa = PBXFileReference; lastKnownFileType = sourcecode.swift; path = Hasenwacht/Shared/LunchPhaseCalculator.swift; sourceTree = "<group>"; };
		706A1619746A36E4A9BACECC /* AppGroupConstants.swift */ = {isa = PBXFileReference; lastKnownFileType = sourcecode.swift; path = Hasenwacht/Shared/AppGroupConstants.swift; sourceTree = "<group>"; };
		4E648FEA56B3CB72B91EDCA7 /* SharedAttendanceCache.swift */ = {isa = PBXFileReference; lastKnownFileType = sourcecode.swift; path = Hasenwacht/Shared/SharedAttendanceCache.swift; sourceTree = "<group>"; };
		FAE2C64F4223F63670CE57AD /* SharedKeychain.swift */ = {isa = PBXFileReference; lastKnownFileType = sourcecode.swift; path = Hasenwacht/Shared/SharedKeychain.swift; sourceTree = "<group>"; };
		7469E06042C974E1A4112FDB /* GoogleService-Info.plist */ = {isa = PBXFileReference; lastKnownFileType = text.plist.xml; path = Hasenwacht/GoogleService-Info.plist; sourceTree = "<group>"; };
		D11C66807BB356D9FCF42093 /* HasenwachtWidgetBundle.swift */ = {isa = PBXFileReference; lastKnownFileType = sourcecode.swift; path = HasenwachtWidgetBundle.swift; sourceTree = "<group>"; };
		366FF756D105DA3BCC9DFEC4 /* AttendanceEntry.swift */ = {isa = PBXFileReference; lastKnownFileType = sourcecode.swift; path = AttendanceEntry.swift; sourceTree = "<group>"; };
		BFCA9B140C8B1B0ECA4D1E8A /* AttendanceTimelineProvider.swift */ = {isa = PBXFileReference; lastKnownFileType = sourcecode.swift; path = AttendanceTimelineProvider.swift; sourceTree = "<group>"; };
		534B3C17063665A1F6B3C0E2 /* AttendanceWidget.swift */ = {isa = PBXFileReference; lastKnownFileType = sourcecode.swift; path = AttendanceWidget.swift; sourceTree = "<group>"; };
		C5364FD5EE9ECD874812EBE8 /* AttendanceWidgetView.swift */ = {isa = PBXFileReference; lastKnownFileType = sourcecode.swift; path = AttendanceWidgetView.swift; sourceTree = "<group>"; };
		534E8AFC8D95192E9F665226 /* ToggleAttendanceIntent.swift */ = {isa = PBXFileReference; lastKnownFileType = sourcecode.swift; path = ToggleAttendanceIntent.swift; sourceTree = "<group>"; };
		3EF36AA7717FA8799959E0DB /* WidgetDS.swift */ = {isa = PBXFileReference; lastKnownFileType = sourcecode.swift; path = WidgetDS.swift; sourceTree = "<group>"; };
		EF7C3E1A356C48BD668945BB /* FirestoreRESTClient.swift */ = {isa = PBXFileReference; lastKnownFileType = sourcecode.swift; path = FirestoreRESTClient.swift; sourceTree = "<group>"; };
		564C7D0E44E5983B8E47F653 /* FirebaseTokenRefresher.swift */ = {isa = PBXFileReference; lastKnownFileType = sourcecode.swift; path = FirebaseTokenRefresher.swift; sourceTree = "<group>"; };
		0A6147FC07127728B28D93C0 /* FirebaseConfig.swift */ = {isa = PBXFileReference; lastKnownFileType = sourcecode.swift; path = FirebaseConfig.swift; sourceTree = "<group>"; };
		DB1BE8FDA5F304AE78CA6C96 /* Info.plist */ = {isa = PBXFileReference; lastKnownFileType = text.plist.xml; path = Info.plist; sourceTree = "<group>"; };
		84DD58BD45CC73475EE1740C /* HasenwachtWidget.entitlements */ = {isa = PBXFileReference; lastKnownFileType = text.plist.entitlements; path = HasenwachtWidget.entitlements; sourceTree = "<group>"; };
/* End PBXFileReference section */

/* Begin PBXFileSystemSynchronizedRootGroup section */
		BCBE07FB2FA915C70004EB6F /* Hasenwacht */ = {
			isa = PBXFileSystemSynchronizedRootGroup;
			path = Hasenwacht;
			sourceTree = "<group>";
		};
/* End PBXFileSystemSynchronizedRootGroup section */

/* Begin PBXContainerItemProxy section */
		2385A7EE018FAE701BB898A5 /* PBXContainerItemProxy */ = {
			isa = PBXContainerItemProxy;
			containerPortal = BCBE07F12FA915C70004EB6F /* Project object */;
			proxyType = 1;
			remoteGlobalIDString = E5C4D6C8175ADA8A0BABDC44;
			remoteInfo = HasenwachtWidget;
		};
/* End PBXContainerItemProxy section */

/* Begin PBXCopyFilesBuildPhase section */
		1BD3C02DD936D0C0C47E8CFC /* Embed Foundation Extensions */ = {
			isa = PBXCopyFilesBuildPhase;
			buildActionMask = 2147483647;
			dstPath = "";
			dstSubfolderSpec = 13;
			files = (
				C48DE33F48DDE0E0A6AB12AF /* HasenwachtWidgetExtension.appex in Embed Foundation Extensions */,
			);
			name = "Embed Foundation Extensions";
			runOnlyForDeploymentPostprocessing = 0;
		};
/* End PBXCopyFilesBuildPhase section */

/* Begin PBXFrameworksBuildPhase section */
		BCBE07F62FA915C70004EB6F /* Frameworks */ = {
			isa = PBXFrameworksBuildPhase;
			buildActionMask = 2147483647;
			files = (
				BC310C622FA935170072A3E9 /* FirebaseAuth in Frameworks */,
				BC310C642FA935170072A3E9 /* FirebaseFirestore in Frameworks */,
				BC310C662FA935170072A3E9 /* FirebaseStorage in Frameworks */,
			);
			runOnlyForDeploymentPostprocessing = 0;
		};
		FA12301BEEACCB8CA4683A03 /* Frameworks */ = {
			isa = PBXFrameworksBuildPhase;
			buildActionMask = 2147483647;
			files = (
				A4B956B2EF7D800E5CB761F7 /* WidgetKit.framework in Frameworks */,
				A115BBDD8EC88D0543426EA4 /* SwiftUI.framework in Frameworks */,
			);
			runOnlyForDeploymentPostprocessing = 0;
		};
/* End PBXFrameworksBuildPhase section */

/* Begin PBXGroup section */
		BCBE07F02FA915C70004EB6F = {
			isa = PBXGroup;
			children = (
				BCBE07FB2FA915C70004EB6F /* Hasenwacht */,
				8FE5633A4A817FE0323BEE48 /* HasenwachtWidget */,
				5DD952B06284E95977EEB3B0 /* Shared (Widget Target) */,
				59A237249B0D2898D6EBBEC0 /* Frameworks */,
				BCBE07FA2FA915C70004EB6F /* Products */,
			);
			sourceTree = "<group>";
		};
		BCBE07FA2FA915C70004EB6F /* Products */ = {
			isa = PBXGroup;
			children = (
				BCBE07F92FA915C70004EB6F /* Hasenwacht.app */,
				5CE4E5C7016F7995D6482192 /* HasenwachtWidgetExtension.appex */,
			);
			name = Products;
			sourceTree = "<group>";
		};
		8FE5633A4A817FE0323BEE48 /* HasenwachtWidget */ = {
			isa = PBXGroup;
			children = (
				D11C66807BB356D9FCF42093 /* HasenwachtWidgetBundle.swift */,
				534B3C17063665A1F6B3C0E2 /* AttendanceWidget.swift */,
				BFCA9B140C8B1B0ECA4D1E8A /* AttendanceTimelineProvider.swift */,
				366FF756D105DA3BCC9DFEC4 /* AttendanceEntry.swift */,
				C5364FD5EE9ECD874812EBE8 /* AttendanceWidgetView.swift */,
				534E8AFC8D95192E9F665226 /* ToggleAttendanceIntent.swift */,
				3EF36AA7717FA8799959E0DB /* WidgetDS.swift */,
				EF7C3E1A356C48BD668945BB /* FirestoreRESTClient.swift */,
				564C7D0E44E5983B8E47F653 /* FirebaseTokenRefresher.swift */,
				0A6147FC07127728B28D93C0 /* FirebaseConfig.swift */,
				DB1BE8FDA5F304AE78CA6C96 /* Info.plist */,
				84DD58BD45CC73475EE1740C /* HasenwachtWidget.entitlements */,
			);
			path = HasenwachtWidget;
			sourceTree = "<group>";
		};
		5DD952B06284E95977EEB3B0 /* Shared (Widget Target) */ = {
			isa = PBXGroup;
			children = (
				A9CE8ABC4DDB652CA7FDB839 /* HolidayService.swift */,
				D3DE115DCCCD0223AB8A0055 /* LunchPhaseCalculator.swift */,
				706A1619746A36E4A9BACECC /* AppGroupConstants.swift */,
				4E648FEA56B3CB72B91EDCA7 /* SharedAttendanceCache.swift */,
				FAE2C64F4223F63670CE57AD /* SharedKeychain.swift */,
				7469E06042C974E1A4112FDB /* GoogleService-Info.plist */,
			);
			name = "Shared (Widget Target)";
			sourceTree = "<group>";
		};
		59A237249B0D2898D6EBBEC0 /* Frameworks */ = {
			isa = PBXGroup;
			children = (
				7FB724780FDFEB6DF13ECAA9 /* WidgetKit.framework */,
				BFD8BA7801D1DE5EDA58D6AF /* SwiftUI.framework */,
			);
			name = Frameworks;
			sourceTree = "<group>";
		};
/* End PBXGroup section */

/* Begin PBXNativeTarget section */
		BCBE07F82FA915C70004EB6F /* Hasenwacht */ = {
			isa = PBXNativeTarget;
			buildConfigurationList = BCBE08042FA915C90004EB6F /* Build configuration list for PBXNativeTarget "Hasenwacht" */;
			buildPhases = (
				BCBE07F52FA915C70004EB6F /* Sources */,
				BCBE07F62FA915C70004EB6F /* Frameworks */,
				BCBE07F72FA915C70004EB6F /* Resources */,
				1BD3C02DD936D0C0C47E8CFC /* Embed Foundation Extensions */,
			);
			buildRules = (
			);
			dependencies = (
				C4FC820FB2D80EB7B9B2E262 /* PBXTargetDependency */,
			);
			fileSystemSynchronizedGroups = (
				BCBE07FB2FA915C70004EB6F /* Hasenwacht */,
			);
			name = Hasenwacht;
			packageProductDependencies = (
				BC310C612FA935170072A3E9 /* FirebaseAuth */,
				BC310C632FA935170072A3E9 /* FirebaseFirestore */,
				BC310C652FA935170072A3E9 /* FirebaseStorage */,
			);
			productName = Hasenwacht;
			productReference = BCBE07F92FA915C70004EB6F /* Hasenwacht.app */;
			productType = "com.apple.product-type.application";
		};
		E5C4D6C8175ADA8A0BABDC44 /* HasenwachtWidget */ = {
			isa = PBXNativeTarget;
			buildConfigurationList = F8C8CEE36E4BBEF3E1A9F5BD /* Build configuration list for PBXNativeTarget "HasenwachtWidget" */;
			buildPhases = (
				6B5D6FAE634EBA925418745D /* Sources */,
				FA12301BEEACCB8CA4683A03 /* Frameworks */,
				23748E214A5A617F7BD254F4 /* Resources */,
			);
			buildRules = (
			);
			dependencies = (
			);
			name = HasenwachtWidget;
			productName = HasenwachtWidget;
			productReference = 5CE4E5C7016F7995D6482192 /* HasenwachtWidgetExtension.appex */;
			productType = "com.apple.product-type.app-extension";
		};
/* End PBXNativeTarget section */

/* Begin PBXProject section */
		BCBE07F12FA915C70004EB6F /* Project object */ = {
			isa = PBXProject;
			attributes = {
				BuildIndependentTargetsInParallel = 1;
				LastSwiftUpdateCheck = 2640;
				LastUpgradeCheck = 2650;
				TargetAttributes = {
					BCBE07F82FA915C70004EB6F = {
						CreatedOnToolsVersion = 26.4.1;
					};
					E5C4D6C8175ADA8A0BABDC44 = {
						CreatedOnToolsVersion = 26.4.1;
					};
				};
			};
			buildConfigurationList = BCBE07F42FA915C70004EB6F /* Build configuration list for PBXProject "Hasenwacht" */;
			developmentRegion = en;
			hasScannedForEncodings = 0;
			knownRegions = (
				en,
				Base,
			);
			mainGroup = BCBE07F02FA915C70004EB6F;
			minimizedProjectReferenceProxies = 1;
			packageReferences = (
				BC310C602FA935170072A3E9 /* XCRemoteSwiftPackageReference "firebase-ios-sdk" */,
			);
			preferredProjectObjectVersion = 77;
			productRefGroup = BCBE07FA2FA915C70004EB6F /* Products */;
			projectDirPath = "";
			projectRoot = "";
			targets = (
				BCBE07F82FA915C70004EB6F /* Hasenwacht */,
				E5C4D6C8175ADA8A0BABDC44 /* HasenwachtWidget */,
			);
		};
/* End PBXProject section */

/* Begin PBXTargetDependency section */
		C4FC820FB2D80EB7B9B2E262 /* PBXTargetDependency */ = {
			isa = PBXTargetDependency;
			target = E5C4D6C8175ADA8A0BABDC44 /* HasenwachtWidget */;
			targetProxy = 2385A7EE018FAE701BB898A5 /* PBXContainerItemProxy */;
		};
/* End PBXTargetDependency section */

/* Begin PBXResourcesBuildPhase section */
		BCBE07F72FA915C70004EB6F /* Resources */ = {
			isa = PBXResourcesBuildPhase;
			buildActionMask = 2147483647;
			files = (
			);
			runOnlyForDeploymentPostprocessing = 0;
		};
		23748E214A5A617F7BD254F4 /* Resources */ = {
			isa = PBXResourcesBuildPhase;
			buildActionMask = 2147483647;
			files = (
				0F3CD8193B7D2B804701E10B /* GoogleService-Info.plist in Resources */,
			);
			runOnlyForDeploymentPostprocessing = 0;
		};
/* End PBXResourcesBuildPhase section */

/* Begin PBXSourcesBuildPhase section */
		BCBE07F52FA915C70004EB6F /* Sources */ = {
			isa = PBXSourcesBuildPhase;
			buildActionMask = 2147483647;
			files = (
			);
			runOnlyForDeploymentPostprocessing = 0;
		};
		6B5D6FAE634EBA925418745D /* Sources */ = {
			isa = PBXSourcesBuildPhase;
			buildActionMask = 2147483647;
			files = (
				8721EA189935AABAA05235EA /* HasenwachtWidgetBundle.swift in Sources */,
				AE73FB063EA5321C041CAD45 /* AttendanceEntry.swift in Sources */,
				50D4AA60A02C17209DA79B11 /* AttendanceTimelineProvider.swift in Sources */,
				D310CAB15233994062D5A0B1 /* AttendanceWidget.swift in Sources */,
				1DFA40FAFB5A0A5C4F1DC7CF /* AttendanceWidgetView.swift in Sources */,
				4C9CAC2838ECAAEDF6314AA9 /* ToggleAttendanceIntent.swift in Sources */,
				AA15A0F616D6B1DB14BB9BF6 /* WidgetDS.swift in Sources */,
				E01CA9139D399ED3CDFBEFA5 /* FirestoreRESTClient.swift in Sources */,
				EF9D55EB1AF2F5C4AB4DF197 /* FirebaseTokenRefresher.swift in Sources */,
				F855D7C1E00A8BC452CD79E6 /* FirebaseConfig.swift in Sources */,
				87F9224632293C8D9E6DD9F1 /* HolidayService.swift in Sources */,
				016C255ABD52CCEFEC368A23 /* LunchPhaseCalculator.swift in Sources */,
				C2ECA8013C8BEB6CCDA45333 /* AppGroupConstants.swift in Sources */,
				78FBD2F0BCF0FD46489E53CF /* SharedAttendanceCache.swift in Sources */,
				7E77EB1E34587385C7691009 /* SharedKeychain.swift in Sources */,
			);
			runOnlyForDeploymentPostprocessing = 0;
		};
/* End PBXSourcesBuildPhase section */

/* Begin XCBuildConfiguration section */
		BCBE08022FA915C90004EB6F /* Debug */ = {
			isa = XCBuildConfiguration;
			buildSettings = {
				ALWAYS_SEARCH_USER_PATHS = NO;
				ASSETCATALOG_COMPILER_GENERATE_SWIFT_ASSET_SYMBOL_EXTENSIONS = YES;
				CLANG_ANALYZER_NONNULL = YES;
				CLANG_ANALYZER_NUMBER_OBJECT_CONVERSION = YES_AGGRESSIVE;
				CLANG_CXX_LANGUAGE_STANDARD = "gnu++20";
				CLANG_ENABLE_MODULES = YES;
				CLANG_ENABLE_OBJC_ARC = YES;
				CLANG_ENABLE_OBJC_WEAK = YES;
				CLANG_WARN_BLOCK_CAPTURE_AUTORELEASING = YES;
				CLANG_WARN_BOOL_CONVERSION = YES;
				CLANG_WARN_COMMA = YES;
				CLANG_WARN_CONSTANT_CONVERSION = YES;
				CLANG_WARN_DEPRECATED_OBJC_IMPLEMENTATIONS = YES;
				CLANG_WARN_DIRECT_OBJC_ISA_USAGE = YES_ERROR;
				CLANG_WARN_DOCUMENTATION_COMMENTS = YES;
				CLANG_WARN_EMPTY_BODY = YES;
				CLANG_WARN_ENUM_CONVERSION = YES;
				CLANG_WARN_INFINITE_RECURSION = YES;
				CLANG_WARN_INT_CONVERSION = YES;
				CLANG_WARN_NON_LITERAL_NULL_CONVERSION = YES;
				CLANG_WARN_OBJC_IMPLICIT_RETAIN_SELF = YES;
				CLANG_WARN_OBJC_LITERAL_CONVERSION = YES;
				CLANG_WARN_OBJC_ROOT_CLASS = YES_ERROR;
				CLANG_WARN_QUOTED_INCLUDE_IN_FRAMEWORK_HEADER = YES;
				CLANG_WARN_RANGE_LOOP_ANALYSIS = YES;
				CLANG_WARN_STRICT_PROTOTYPES = YES;
				CLANG_WARN_SUSPICIOUS_MOVE = YES;
				CLANG_WARN_UNGUARDED_AVAILABILITY = YES_AGGRESSIVE;
				CLANG_WARN_UNREACHABLE_CODE = YES;
				CLANG_WARN__DUPLICATE_METHOD_MATCH = YES;
				COPY_PHASE_STRIP = NO;
				DEBUG_INFORMATION_FORMAT = dwarf;
				DEVELOPMENT_TEAM = 3YP97Z495J;
				ENABLE_STRICT_OBJC_MSGSEND = YES;
				ENABLE_TESTABILITY = YES;
				ENABLE_USER_SCRIPT_SANDBOXING = YES;
				GCC_C_LANGUAGE_STANDARD = gnu17;
				GCC_DYNAMIC_NO_PIC = NO;
				GCC_NO_COMMON_BLOCKS = YES;
				GCC_OPTIMIZATION_LEVEL = 0;
				GCC_PREPROCESSOR_DEFINITIONS = (
					"DEBUG=1",
					"$(inherited)",
				);
				GCC_WARN_64_TO_32_BIT_CONVERSION = YES;
				GCC_WARN_ABOUT_RETURN_TYPE = YES_ERROR;
				GCC_WARN_UNDECLARED_SELECTOR = YES;
				GCC_WARN_UNINITIALIZED_AUTOS = YES_AGGRESSIVE;
				GCC_WARN_UNUSED_FUNCTION = YES;
				GCC_WARN_UNUSED_VARIABLE = YES;
				IPHONEOS_DEPLOYMENT_TARGET = 26.4;
				LOCALIZATION_PREFERS_STRING_CATALOGS = YES;
				MTL_ENABLE_DEBUG_INFO = INCLUDE_SOURCE;
				MTL_FAST_MATH = YES;
				ONLY_ACTIVE_ARCH = YES;
				SDKROOT = iphoneos;
				STRING_CATALOG_GENERATE_SYMBOLS = YES;
				SWIFT_ACTIVE_COMPILATION_CONDITIONS = "DEBUG $(inherited)";
				SWIFT_OPTIMIZATION_LEVEL = "-Onone";
			};
			name = Debug;
		};
		BCBE08032FA915C90004EB6F /* Release */ = {
			isa = XCBuildConfiguration;
			buildSettings = {
				ALWAYS_SEARCH_USER_PATHS = NO;
				ASSETCATALOG_COMPILER_GENERATE_SWIFT_ASSET_SYMBOL_EXTENSIONS = YES;
				CLANG_ANALYZER_NONNULL = YES;
				CLANG_ANALYZER_NUMBER_OBJECT_CONVERSION = YES_AGGRESSIVE;
				CLANG_CXX_LANGUAGE_STANDARD = "gnu++20";
				CLANG_ENABLE_MODULES = YES;
				CLANG_ENABLE_OBJC_ARC = YES;
				CLANG_ENABLE_OBJC_WEAK = YES;
				CLANG_WARN_BLOCK_CAPTURE_AUTORELEASING = YES;
				CLANG_WARN_BOOL_CONVERSION = YES;
				CLANG_WARN_COMMA = YES;
				CLANG_WARN_CONSTANT_CONVERSION = YES;
				CLANG_WARN_DEPRECATED_OBJC_IMPLEMENTATIONS = YES;
				CLANG_WARN_DIRECT_OBJC_ISA_USAGE = YES_ERROR;
				CLANG_WARN_DOCUMENTATION_COMMENTS = YES;
				CLANG_WARN_EMPTY_BODY = YES;
				CLANG_WARN_ENUM_CONVERSION = YES;
				CLANG_WARN_INFINITE_RECURSION = YES;
				CLANG_WARN_INT_CONVERSION = YES;
				CLANG_WARN_NON_LITERAL_NULL_CONVERSION = YES;
				CLANG_WARN_OBJC_IMPLICIT_RETAIN_SELF = YES;
				CLANG_WARN_OBJC_LITERAL_CONVERSION = YES;
				CLANG_WARN_OBJC_ROOT_CLASS = YES_ERROR;
				CLANG_WARN_QUOTED_INCLUDE_IN_FRAMEWORK_HEADER = YES;
				CLANG_WARN_RANGE_LOOP_ANALYSIS = YES;
				CLANG_WARN_STRICT_PROTOTYPES = YES;
				CLANG_WARN_SUSPICIOUS_MOVE = YES;
				CLANG_WARN_UNGUARDED_AVAILABILITY = YES_AGGRESSIVE;
				CLANG_WARN_UNREACHABLE_CODE = YES;
				CLANG_WARN__DUPLICATE_METHOD_MATCH = YES;
				COPY_PHASE_STRIP = NO;
				DEBUG_INFORMATION_FORMAT = "dwarf-with-dsym";
				DEVELOPMENT_TEAM = 3YP97Z495J;
				ENABLE_NS_ASSERTIONS = NO;
				ENABLE_STRICT_OBJC_MSGSEND = YES;
				ENABLE_USER_SCRIPT_SANDBOXING = YES;
				GCC_C_LANGUAGE_STANDARD = gnu17;
				GCC_NO_COMMON_BLOCKS = YES;
				GCC_WARN_64_TO_32_BIT_CONVERSION = YES;
				GCC_WARN_ABOUT_RETURN_TYPE = YES_ERROR;
				GCC_WARN_UNDECLARED_SELECTOR = YES;
				GCC_WARN_UNINITIALIZED_AUTOS = YES_AGGRESSIVE;
				GCC_WARN_UNUSED_FUNCTION = YES;
				GCC_WARN_UNUSED_VARIABLE = YES;
				IPHONEOS_DEPLOYMENT_TARGET = 26.4;
				LOCALIZATION_PREFERS_STRING_CATALOGS = YES;
				MTL_ENABLE_DEBUG_INFO = NO;
				MTL_FAST_MATH = YES;
				SDKROOT = iphoneos;
				STRING_CATALOG_GENERATE_SYMBOLS = YES;
				SWIFT_COMPILATION_MODE = wholemodule;
				VALIDATE_PRODUCT = YES;
			};
			name = Release;
		};
		BCBE08052FA915C90004EB6F /* Debug */ = {
			isa = XCBuildConfiguration;
			buildSettings = {
				ASSETCATALOG_COMPILER_APPICON_NAME = AppIcon;
				ASSETCATALOG_COMPILER_GLOBAL_ACCENT_COLOR_NAME = AccentColor;
				CODE_SIGN_ENTITLEMENTS = Hasenwacht/Hasenwacht.entitlements;
				CODE_SIGN_STYLE = Automatic;
				CURRENT_PROJECT_VERSION = 22;
				ENABLE_PREVIEWS = YES;
				GENERATE_INFOPLIST_FILE = YES;
				INFOPLIST_KEY_UIApplicationSceneManifest_Generation = YES;
				INFOPLIST_KEY_UIApplicationSupportsIndirectInputEvents = YES;
				INFOPLIST_KEY_UILaunchScreen_Generation = YES;
				INFOPLIST_KEY_UISupportedInterfaceOrientations = UIInterfaceOrientationPortrait;
				INFOPLIST_KEY_UISupportedInterfaceOrientations_iPad = "UIInterfaceOrientationLandscapeLeft UIInterfaceOrientationLandscapeRight UIInterfaceOrientationPortrait UIInterfaceOrientationPortraitUpsideDown";
				IPHONEOS_DEPLOYMENT_TARGET = 17.6;
				LD_RUNPATH_SEARCH_PATHS = (
					"$(inherited)",
					"@executable_path/Frameworks",
				);
				MARKETING_VERSION = 1.3.0;
				PRODUCT_BUNDLE_IDENTIFIER = com.marcelfelder.hasenwacht;
				PRODUCT_NAME = "$(TARGET_NAME)";
				STRING_CATALOG_GENERATE_SYMBOLS = YES;
				SUPPORTED_PLATFORMS = "iphoneos iphonesimulator";
				SUPPORTS_MACCATALYST = NO;
				SUPPORTS_MAC_DESIGNED_FOR_IPHONE_IPAD = NO;
				SUPPORTS_XR_DESIGNED_FOR_IPHONE_IPAD = NO;
				SWIFT_APPROACHABLE_CONCURRENCY = YES;
				SWIFT_DEFAULT_ACTOR_ISOLATION = MainActor;
				SWIFT_EMIT_LOC_STRINGS = YES;
				SWIFT_UPCOMING_FEATURE_MEMBER_IMPORT_VISIBILITY = YES;
				SWIFT_VERSION = 5.0;
				TARGETED_DEVICE_FAMILY = 1;
			};
			name = Debug;
		};
		BCBE08062FA915C90004EB6F /* Release */ = {
			isa = XCBuildConfiguration;
			buildSettings = {
				ASSETCATALOG_COMPILER_APPICON_NAME = AppIcon;
				ASSETCATALOG_COMPILER_GLOBAL_ACCENT_COLOR_NAME = AccentColor;
				CODE_SIGN_ENTITLEMENTS = Hasenwacht/Hasenwacht.entitlements;
				CODE_SIGN_STYLE = Automatic;
				CURRENT_PROJECT_VERSION = 22;
				ENABLE_PREVIEWS = YES;
				GENERATE_INFOPLIST_FILE = YES;
				INFOPLIST_KEY_UIApplicationSceneManifest_Generation = YES;
				INFOPLIST_KEY_UIApplicationSupportsIndirectInputEvents = YES;
				INFOPLIST_KEY_UILaunchScreen_Generation = YES;
				INFOPLIST_KEY_UISupportedInterfaceOrientations = UIInterfaceOrientationPortrait;
				INFOPLIST_KEY_UISupportedInterfaceOrientations_iPad = "UIInterfaceOrientationLandscapeLeft UIInterfaceOrientationLandscapeRight UIInterfaceOrientationPortrait UIInterfaceOrientationPortraitUpsideDown";
				IPHONEOS_DEPLOYMENT_TARGET = 17.6;
				LD_RUNPATH_SEARCH_PATHS = (
					"$(inherited)",
					"@executable_path/Frameworks",
				);
				MARKETING_VERSION = 1.3.0;
				PRODUCT_BUNDLE_IDENTIFIER = com.marcelfelder.hasenwacht;
				PRODUCT_NAME = "$(TARGET_NAME)";
				STRING_CATALOG_GENERATE_SYMBOLS = YES;
				SUPPORTED_PLATFORMS = "iphoneos iphonesimulator";
				SUPPORTS_MACCATALYST = NO;
				SUPPORTS_MAC_DESIGNED_FOR_IPHONE_IPAD = NO;
				SUPPORTS_XR_DESIGNED_FOR_IPHONE_IPAD = NO;
				SWIFT_APPROACHABLE_CONCURRENCY = YES;
				SWIFT_DEFAULT_ACTOR_ISOLATION = MainActor;
				SWIFT_EMIT_LOC_STRINGS = YES;
				SWIFT_UPCOMING_FEATURE_MEMBER_IMPORT_VISIBILITY = YES;
				SWIFT_VERSION = 5.0;
				TARGETED_DEVICE_FAMILY = 1;
			};
			name = Release;
		};
		8CC85B72A8ADB7A04822643A /* Debug */ = {
			isa = XCBuildConfiguration;
			buildSettings = {
				CODE_SIGN_ENTITLEMENTS = HasenwachtWidget/HasenwachtWidget.entitlements;
				CODE_SIGN_STYLE = Automatic;
				CURRENT_PROJECT_VERSION = 22;
				INFOPLIST_FILE = HasenwachtWidget/Info.plist;
				IPHONEOS_DEPLOYMENT_TARGET = 17.6;
				LD_RUNPATH_SEARCH_PATHS = (
					"$(inherited)",
					"@executable_path/Frameworks",
					"@executable_path/../../Frameworks",
				);
				MARKETING_VERSION = 1.3.0;
				PRODUCT_BUNDLE_IDENTIFIER = com.marcelfelder.hasenwacht.HasenwachtWidget;
				PRODUCT_NAME = "$(TARGET_NAME)";
				SKIP_INSTALL = YES;
				SUPPORTED_PLATFORMS = "iphoneos iphonesimulator";
				SUPPORTS_MACCATALYST = NO;
				SWIFT_APPROACHABLE_CONCURRENCY = YES;
				SWIFT_DEFAULT_ACTOR_ISOLATION = MainActor;
				SWIFT_EMIT_LOC_STRINGS = YES;
				SWIFT_UPCOMING_FEATURE_MEMBER_IMPORT_VISIBILITY = YES;
				SWIFT_VERSION = 5.0;
				TARGETED_DEVICE_FAMILY = 1;
			};
			name = Debug;
		};
		87E178E7015F00B7BC87A3C0 /* Release */ = {
			isa = XCBuildConfiguration;
			buildSettings = {
				CODE_SIGN_ENTITLEMENTS = HasenwachtWidget/HasenwachtWidget.entitlements;
				CODE_SIGN_STYLE = Automatic;
				CURRENT_PROJECT_VERSION = 22;
				INFOPLIST_FILE = HasenwachtWidget/Info.plist;
				IPHONEOS_DEPLOYMENT_TARGET = 17.6;
				LD_RUNPATH_SEARCH_PATHS = (
					"$(inherited)",
					"@executable_path/Frameworks",
					"@executable_path/../../Frameworks",
				);
				MARKETING_VERSION = 1.3.0;
				PRODUCT_BUNDLE_IDENTIFIER = com.marcelfelder.hasenwacht.HasenwachtWidget;
				PRODUCT_NAME = "$(TARGET_NAME)";
				SKIP_INSTALL = YES;
				SUPPORTED_PLATFORMS = "iphoneos iphonesimulator";
				SUPPORTS_MACCATALYST = NO;
				SWIFT_APPROACHABLE_CONCURRENCY = YES;
				SWIFT_DEFAULT_ACTOR_ISOLATION = MainActor;
				SWIFT_EMIT_LOC_STRINGS = YES;
				SWIFT_UPCOMING_FEATURE_MEMBER_IMPORT_VISIBILITY = YES;
				SWIFT_VERSION = 5.0;
				TARGETED_DEVICE_FAMILY = 1;
			};
			name = Release;
		};
/* End XCBuildConfiguration section */

/* Begin XCConfigurationList section */
		BCBE07F42FA915C70004EB6F /* Build configuration list for PBXProject "Hasenwacht" */ = {
			isa = XCConfigurationList;
			buildConfigurations = (
				BCBE08022FA915C90004EB6F /* Debug */,
				BCBE08032FA915C90004EB6F /* Release */,
			);
			defaultConfigurationIsVisible = 0;
			defaultConfigurationName = Release;
		};
		BCBE08042FA915C90004EB6F /* Build configuration list for PBXNativeTarget "Hasenwacht" */ = {
			isa = XCConfigurationList;
			buildConfigurations = (
				BCBE08052FA915C90004EB6F /* Debug */,
				BCBE08062FA915C90004EB6F /* Release */,
			);
			defaultConfigurationIsVisible = 0;
			defaultConfigurationName = Release;
		};
		F8C8CEE36E4BBEF3E1A9F5BD /* Build configuration list for PBXNativeTarget "HasenwachtWidget" */ = {
			isa = XCConfigurationList;
			buildConfigurations = (
				8CC85B72A8ADB7A04822643A /* Debug */,
				87E178E7015F00B7BC87A3C0 /* Release */,
			);
			defaultConfigurationIsVisible = 0;
			defaultConfigurationName = Release;
		};
/* End XCConfigurationList section */

/* Begin XCRemoteSwiftPackageReference section */
		BC310C602FA935170072A3E9 /* XCRemoteSwiftPackageReference "firebase-ios-sdk" */ = {
			isa = XCRemoteSwiftPackageReference;
			repositoryURL = "https://github.com/firebase/firebase-ios-sdk";
			requirement = {
				kind = upToNextMajorVersion;
				minimumVersion = 12.12.1;
			};
		};
/* End XCRemoteSwiftPackageReference section */

/* Begin XCSwiftPackageProductDependency section */
		BC310C612FA935170072A3E9 /* FirebaseAuth */ = {
			isa = XCSwiftPackageProductDependency;
			package = BC310C602FA935170072A3E9 /* XCRemoteSwiftPackageReference "firebase-ios-sdk" */;
			productName = FirebaseAuth;
		};
		BC310C632FA935170072A3E9 /* FirebaseFirestore */ = {
			isa = XCSwiftPackageProductDependency;
			package = BC310C602FA935170072A3E9 /* XCRemoteSwiftPackageReference "firebase-ios-sdk" */;
			productName = FirebaseFirestore;
		};
		BC310C652FA935170072A3E9 /* FirebaseStorage */ = {
			isa = XCSwiftPackageProductDependency;
			package = BC310C602FA935170072A3E9 /* XCRemoteSwiftPackageReference "firebase-ios-sdk" */;
			productName = FirebaseStorage;
		};
/* End XCSwiftPackageProductDependency section */
	};
	rootObject = BCBE07F12FA915C70004EB6F /* Project object */;
}
